
Microsoft Visual Studio Solution File, Format Version 12.00
# Visual Studio 15
VisualStudioVersion = 15.0.27703.2018
MinimumVisualStudioVersion = 10.0.40219.1
Project("{888888A0-9F3D-457C-B088-3A5042F75D52}") = "GoClassifier", "GoClassifier\GoClassifier.pyproj", "{FD688938-2407-4758-B447-D884524D9A81}"
EndProject
Global
	GlobalSection(SolutionConfigurationPlatforms) = preSolution
		Debug|Any CPU = Debug|Any CPU
		Release|Any CPU = Release|Any CPU
	EndGlobalSection
	GlobalSection(ProjectConfigurationPlatforms) = postSolution
		{FD688938-2407-4758-B447-D884524D9A81}.Debug|Any CPU.ActiveCfg = Debug|Any CPU
		{FD688938-2407-4758-B447-D884524D9A81}.Release|Any CPU.ActiveCfg = Release|Any CPU
	EndGlobalSection
	GlobalSection(SolutionProperties) = preSolution
		HideSolutionNode = FALSE
	EndGlobalSection
	GlobalSection(ExtensibilityGlobals) = postSolution
		SolutionGuid = {B9DA2701-B14A-4FE0-B9A4-43F01864A24F}
	EndGlobalSection
EndGlobal
